
Microsoft Visual Studio Solution File, Format Version 12.00
# Visual Studio Version 16
VisualStudioVersion = 16.0.32002.261
MinimumVisualStudioVersion = 10.0.40219.1
Project("{FAE04EC0-301F-11D3-BF4B-00C04F79EFBC}") = "GigHub.WebApplication", "..\GigHub.WebApplication\GigHub.WebApplication.csproj", "{1E6FB843-2CD2-44D8-B242-EF49BB46EDF0}"
EndProject
Project("{FAE04EC0-301F-11D3-BF4B-00C04F79EFBC}") = "GigHub.WebApplication.Tests", "GigHub.WebApplication.Tests\GigHub.WebApplication.Tests.csproj", "{7E718A27-0CBC-4871-AA49-6B17427B2BA0}"
EndProject
Global
	GlobalSection(SolutionConfigurationPlatforms) = preSolution
		Debug|Any CPU = Debug|Any CPU
		Release|Any CPU = Release|Any CPU
	EndGlobalSection
	GlobalSection(ProjectConfigurationPlatforms) = postSolution
		{1E6FB843-2CD2-44D8-B242-EF49BB46EDF0}.Debug|Any CPU.ActiveCfg = Debug|Any CPU
		{1E6FB843-2CD2-44D8-B242-EF49BB46EDF0}.Debug|Any CPU.Build.0 = Debug|Any CPU
		{1E6FB843-2CD2-44D8-B242-EF49BB46EDF0}.Release|Any CPU.ActiveCfg = Release|Any CPU
		{1E6FB843-2CD2-44D8-B242-EF49BB46EDF0}.Release|Any CPU.Build.0 = Release|Any CPU
		{7E718A27-0CBC-4871-AA49-6B17427B2BA0}.Debug|Any CPU.ActiveCfg = Debug|Any CPU
		{7E718A27-0CBC-4871-AA49-6B17427B2BA0}.Debug|Any CPU.Build.0 = Debug|Any CPU
		{7E718A27-0CBC-4871-AA49-6B17427B2BA0}.Release|Any CPU.ActiveCfg = Release|Any CPU
		{7E718A27-0CBC-4871-AA49-6B17427B2BA0}.Release|Any CPU.Build.0 = Release|Any CPU
	EndGlobalSection
	GlobalSection(SolutionProperties) = preSolution
		HideSolutionNode = FALSE
	EndGlobalSection
	GlobalSection(ExtensibilityGlobals) = postSolution
		SolutionGuid = {E3166AB2-FBEA-405E-AFA6-F72467A42231}
	EndGlobalSection
EndGlobal
